
Microsoft Visual Studio Solution File, Format Version 12.00
# Visual Studio Version 17
VisualStudioVersion = 17.2.32526.322
MinimumVisualStudioVersion = 10.0.40219.1
Project("{9A19103F-16F7-4668-BE54-9A1E7A4F7556}") = "MyORMForPostgreSQL", "MyORMForPostgreSQL.csproj", "{1062BD05-E904-4655-825F-AF1A8C55B46D}"
EndProject
Project("{2150E333-8FDC-42A3-9474-1A3956D46DE8}") = "Tests", "Tests", "{5B348304-1930-45C3-BA48-45104C2AF618}"
EndProject
Project("{9A19103F-16F7-4668-BE54-9A1E7A4F7556}") = "MyORMForPostgreSQL.Tests", "Tests\MyORMForPostgreSQL\MyORMForPostgreSQL.Tests.csproj", "{FB7E0D51-C806-43E2-AACF-56FD67E9028D}"
EndProject
Global
	GlobalSection(SolutionConfigurationPlatforms) = preSolution
		Debug|Any CPU = Debug|Any CPU
		Release|Any CPU = Release|Any CPU
	EndGlobalSection
	GlobalSection(ProjectConfigurationPlatforms) = postSolution
		{1062BD05-E904-4655-825F-AF1A8C55B46D}.Debug|Any CPU.ActiveCfg = Debug|Any CPU
		{1062BD05-E904-4655-825F-AF1A8C55B46D}.Debug|Any CPU.Build.0 = Debug|Any CPU
		{1062BD05-E904-4655-825F-AF1A8C55B46D}.Release|Any CPU.ActiveCfg = Release|Any CPU
		{1062BD05-E904-4655-825F-AF1A8C55B46D}.Release|Any CPU.Build.0 = Release|Any CPU
		{FB7E0D51-C806-43E2-AACF-56FD67E9028D}.Debug|Any CPU.ActiveCfg = Debug|Any CPU
		{FB7E0D51-C806-43E2-AACF-56FD67E9028D}.Debug|Any CPU.Build.0 = Debug|Any CPU
		{FB7E0D51-C806-43E2-AACF-56FD67E9028D}.Release|Any CPU.ActiveCfg = Release|Any CPU
		{FB7E0D51-C806-43E2-AACF-56FD67E9028D}.Release|Any CPU.Build.0 = Release|Any CPU
	EndGlobalSection
	GlobalSection(SolutionProperties) = preSolution
		HideSolutionNode = FALSE
	EndGlobalSection
	GlobalSection(NestedProjects) = preSolution
		{FB7E0D51-C806-43E2-AACF-56FD67E9028D} = {5B348304-1930-45C3-BA48-45104C2AF618}
	EndGlobalSection
	GlobalSection(ExtensibilityGlobals) = postSolution
		SolutionGuid = {8A1B708B-442F-49DC-B575-BFFC7B1D3CED}
	EndGlobalSection
EndGlobal
